
Microsoft Visual Studio Solution File, Format Version 12.00
# Visual Studio 15
VisualStudioVersion = 15.0.28307.102
MinimumVisualStudioVersion = 10.0.40219.1
Project("{FAE04EC0-301F-11D3-BF4B-00C04F79EFBC}") = "CRP", "CRP.csproj", "{B125AB96-CCE1-416C-A070-4A67505F9D8E}"
EndProject
Project("{FAE04EC0-301F-11D3-BF4B-00C04F79EFBC}") = "CRP_Test", "CRP_Test\CRP_Test.csproj", "{A0AF74BE-DDCE-40D5-9A43-A27B7176ED94}"
EndProject
Global
	GlobalSection(SolutionConfigurationPlatforms) = preSolution
		Debug|Any CPU = Debug|Any CPU
		Release|Any CPU = Release|Any CPU
	EndGlobalSection
	GlobalSection(ProjectConfigurationPlatforms) = postSolution
		{B125AB96-CCE1-416C-A070-4A67505F9D8E}.Debug|Any CPU.ActiveCfg = Debug|Any CPU
		{B125AB96-CCE1-416C-A070-4A67505F9D8E}.Debug|Any CPU.Build.0 = Debug|Any CPU
		{B125AB96-CCE1-416C-A070-4A67505F9D8E}.Release|Any CPU.ActiveCfg = Release|Any CPU
		{B125AB96-CCE1-416C-A070-4A67505F9D8E}.Release|Any CPU.Build.0 = Release|Any CPU
		{A0AF74BE-DDCE-40D5-9A43-A27B7176ED94}.Debug|Any CPU.ActiveCfg = Debug|Any CPU
		{A0AF74BE-DDCE-40D5-9A43-A27B7176ED94}.Debug|Any CPU.Build.0 = Debug|Any CPU
		{A0AF74BE-DDCE-40D5-9A43-A27B7176ED94}.Release|Any CPU.ActiveCfg = Release|Any CPU
		{A0AF74BE-DDCE-40D5-9A43-A27B7176ED94}.Release|Any CPU.Build.0 = Release|Any CPU
	EndGlobalSection
	GlobalSection(SolutionProperties) = preSolution
		HideSolutionNode = FALSE
	EndGlobalSection
	GlobalSection(ExtensibilityGlobals) = postSolution
		SolutionGuid = {F653FC61-5C14-4C2B-A80A-8E1B3603C1A1}
	EndGlobalSection
EndGlobal
